Microsoft Visual Studio Solution File, Format Version 12.00
# Visual Studio Version 17
VisualStudioVersion = 17.5.2.0
MinimumVisualStudioVersion = 10.0.40219.1
Project("{FAE04EC0-301F-11D3-BF4B-00C04F79EFBC}") = "EmployeeManager.WebAPI", "EmployeeManager.WebAPI.csproj", "{8975D250-6A00-0C5B-2CE2-282556EA6383}"
EndProject
Global
	GlobalSection(SolutionConfigurationPlatforms) = preSolution
		Debug|Any CPU = Debug|Any CPU
		Release|Any CPU = Release|Any CPU
	EndGlobalSection
	GlobalSection(ProjectConfigurationPlatforms) = postSolution
		{8975D250-6A00-0C5B-2CE2-282556EA6383}.Debug|Any CPU.ActiveCfg = Debug|Any CPU
		{8975D250-6A00-0C5B-2CE2-282556EA6383}.Debug|Any CPU.Build.0 = Debug|Any CPU
		{8975D250-6A00-0C5B-2CE2-282556EA6383}.Release|Any CPU.ActiveCfg = Release|Any CPU
		{8975D250-6A00-0C5B-2CE2-282556EA6383}.Release|Any CPU.Build.0 = Release|Any CPU
	EndGlobalSection
	GlobalSection(SolutionProperties) = preSolution
		HideSolutionNode = FALSE
	EndGlobalSection
	GlobalSection(ExtensibilityGlobals) = postSolution
		SolutionGuid = {5F799B08-90EB-492D-A9E5-012C43FD210D}
	EndGlobalSection
EndGlobal
